// !$*UTF8*$!
{
	archiveVersion = 1;
	classes = {
	};
	objectVersion = 56;
	objects = {

/* Begin PBXBuildFile section */
		78178B962B24ADA800ABC094 /* SwiftChallengeApp.swift in Sources */ = {isa = PBXBuildFile; fileRef = 78178B952B24ADA800ABC094 /* SwiftChallengeApp.swift */; };
		78178B982B24ADA800ABC094 /* ContentView.swift in Sources */ = {isa = PBXBuildFile; fileRef = 78178B972B24ADA800ABC094 /* ContentView.swift */; };
		78178B9A2B24ADA900ABC094 /* Assets.xcassets in Resources */ = {isa = PBXBuildFile; fileRef = 78178B992B24ADA900ABC094 /* Assets.xcassets */; };
		78178B9D2B24ADA900ABC094 /* Preview Assets.xcassets in Resources */ = {isa = PBXBuildFile; fileRef = 78178B9C2B24ADA900ABC094 /* Preview Assets.xcassets */; };
		78178BA72B24ADA900ABC094 /* SwiftChallengeTests.swift in Sources */ = {isa = PBXBuildFile; fileRef = 78178BA62B24ADA900ABC094 /* SwiftChallengeTests.swift */; };
		78178BB12B24ADA900ABC094 /* SwiftChallengeUITests.swift in Sources */ = {isa = PBXBuildFile; fileRef = 78178BB02B24ADA900ABC094 /* SwiftChallengeUITests.swift */; };
		78178BB32B24ADA900ABC094 /* SwiftChallengeUITestsLaunchTests.swift in Sources */ = {isa = PBXBuildFile; fileRef = 78178BB22B24ADA900ABC094 /* SwiftChallengeUITestsLaunchTests.swift */; };
/* End PBXBuildFile section */

/* Begin PBXContainerItemProxy section */
		78178BA32B24ADA900ABC094 /* PBXContainerItemProxy */ = {
			isa = PBXContainerItemProxy;
			containerPortal = 78178B8A2B24ADA800ABC094 /* Project object */;
			proxyType = 1;
			remoteGlobalIDString = 78178B912B24ADA800ABC094;
			remoteInfo = SwiftChallenge;
		};
		78178BAD2B24ADA900ABC094 /* PBXContainerItemProxy */ = {
			isa = PBXContainerItemProxy;
			containerPortal = 78178B8A2B24ADA800ABC094 /* Project object */;
			proxyType = 1;
			remoteGlobalIDString = 78178B912B24ADA800ABC094;
			remoteInfo = SwiftChallenge;
		};
/* End PBXContainerItemProxy section */

/* Begin PBXFileReference section */
		78178B922B24ADA800ABC094 /* SwiftChallenge.app */ = {isa = PBXFileReference; explicitFileType = wrapper.application; includeInIndex = 0; path = SwiftChallenge.app; sourceTree = BUILT_PRODUCTS_DIR; };
		78178B952B24ADA800ABC094 /* SwiftChallengeApp.swift */ = {isa = PBXFileReference; lastKnownFileType = sourcecode.swift; path = SwiftChallengeApp.swift; sourceTree = "<group>"; };
		78178B972B24ADA800ABC094 /* ContentView.swift */ = {isa = PBXFileReference; lastKnownFileType = sourcecode.swift; path = ContentView.swift; sourceTree = "<group>"; };
		78178B992B24ADA900ABC094 /* Assets.xcassets */ = {isa = PBXFileReference; lastKnownFileType = folder.assetcatalog; path = Assets.xcassets; sourceTree = "<group>"; };
		78178B9C2B24ADA900ABC094 /* Preview Assets.xcassets */ = {isa = PBXFileReference; lastKnownFileType = folder.assetcatalog; path = "Preview Assets.xcassets"; sourceTree = "<group>"; };
		78178BA22B24ADA900ABC094 /* SwiftChallengeTests.xctest */ = {isa = PBXFileReference; explicitFileType = wrapper.cfbundle; includeInIndex = 0; path = SwiftChallengeTests.xctest; sourceTree = BUILT_PRODUCTS_DIR; };
		78178BA62B24ADA900ABC094 /* SwiftChallengeTests.swift */ = {isa = PBXFileReference; lastKnownFileType = sourcecode.swift; path = SwiftChallengeTests.swift; sourceTree = "<group>"; };
		78178BAC2B24ADA900ABC094 /* SwiftChallengeUITests.xctest */ = {isa = PBXFileReference; explicitFileType = wrapper.cfbundle; includeInIndex = 0; path = SwiftChallengeUITests.xctest; sourceTree = BUILT_PRODUCTS_DIR; };
		78178BB02B24ADA900ABC094 /* SwiftChallengeUITests.swift */ = {isa = PBXFileReference; lastKnownFileType = sourcecode.swift; path = SwiftChallengeUITests.swift; sourceTree = "<group>"; };
		78178BB22B24ADA900ABC094 /* SwiftChallengeUITestsLaunchTests.swift */ = {isa = PBXFileReference; lastKnownFileType = sourcecode.swift; path = SwiftChallengeUITestsLaunchTests.swift; sourceTree = "<group>"; };
/* End PBXFileReference section */

/* Begin PBXFrameworksBuildPhase section */
		78178B8F2B24ADA800ABC094 /* Frameworks */ = {
			isa = PBXFrameworksBuildPhase;
			buildActionMask = 2147483647;
			files = (
			);
			runOnlyForDeploymentPostprocessing = 0;
		};
		78178B9F2B24ADA900ABC094 /* Frameworks */ = {
			isa = PBXFrameworksBuildPhase;
			buildActionMask = 2147483647;
			files = (
			);
			runOnlyForDeploymentPostprocessing = 0;
		};
		78178BA92B24ADA900ABC094 /* Frameworks */ = {
			isa = PBXFrameworksBuildPhase;
			buildActionMask = 2147483647;
			files = (
			);
			runOnlyForDeploymentPostprocessing = 0;
		};
/* End PBXFrameworksBuildPhase section */

/* Begin PBXGroup section */
		78178B892B24ADA800ABC094 = {
			isa = PBXGroup;
			children = (
				78178B942B24ADA800ABC094 /* SwiftChallenge */,
				78178BA52B24ADA900ABC094 /* SwiftChallengeTests */,
				78178BAF2B24ADA900ABC094 /* SwiftChallengeUITests */,
				78178B932B24ADA800ABC094 /* Products */,
			);
			sourceTree = "<group>";
		};
		78178B932B24ADA800ABC094 /* Products */ = {
			isa = PBXGroup;
			children = (
				78178B922B24ADA800ABC094 /* SwiftChallenge.app */,
				78178BA22B24ADA900ABC094 /* SwiftChallengeTests.xctest */,
				78178BAC2B24ADA900ABC094 /* SwiftChallengeUITests.xctest */,
			);
			name = Products;
			sourceTree = "<group>";
		};
		78178B942B24ADA800ABC094 /* SwiftChallenge */ = {
			isa = PBXGroup;
			children = (
				78178B952B24ADA800ABC094 /* SwiftChallengeApp.swift */,
				78178B972B24ADA800ABC094 /* ContentView.swift */,
				78178B992B24ADA900ABC094 /* Assets.xcassets */,
				78178B9B2B24ADA900ABC094 /* Preview Content */,
			);
			path = SwiftChallenge;
			sourceTree = "<group>";
		};
		78178B9B2B24ADA900ABC094 /* Preview Content */ = {
			isa = PBXGroup;
			children = (
				78178B9C2B24ADA900ABC094 /* Preview Assets.xcassets */,
			);
			path = "Preview Content";
			sourceTree = "<group>";
		};
		78178BA52B24ADA900ABC094 /* SwiftChallengeTests */ = {
			isa = PBXGroup;
			children = (
				78178BA62B24ADA900ABC094 /* SwiftChallengeTests.swift */,
			);
			path = SwiftChallengeTests;
			sourceTree = "<group>";
		};
		78178BAF2B24ADA900ABC094 /* SwiftChallengeUITests */ = {
			isa = PBXGroup;
			children = (
				78178BB02B24ADA900ABC094 /* SwiftChallengeUITests.swift */,
				78178BB22B24ADA900ABC094 /* SwiftChallengeUITestsLaunchTests.swift */,
			);
			path = SwiftChallengeUITests;
			sourceTree = "<group>";
		};
/* End PBXGroup section */

/* Begin PBXNativeTarget section */
		78178B912B24ADA800ABC094 /* SwiftChallenge */ = {
			isa = PBXNativeTarget;
			buildConfigurationList = 78178BB62B24ADA900ABC094 /* Build configuration list for PBXNativeTarget "SwiftChallenge" */;
			buildPhases = (
				78178B8E2B24ADA800ABC094 /* Sources */,
				78178B8F2B24ADA800ABC094 /* Frameworks */,
				78178B902B24ADA800ABC094 /* Resources */,
			);
			buildRules = (
			);
			dependencies = (
			);
			name = SwiftChallenge;
			packageProductDependencies = (
			);
			productName = SwiftChallenge;
			productReference = 78178B922B24ADA800ABC094 /* SwiftChallenge.app */;
			productType = "com.apple.product-type.application";
		};
		78178BA12B24ADA900ABC094 /* SwiftChallengeTests */ = {
			isa = PBXNativeTarget;
			buildConfigurationList = 78178BB92B24ADA900ABC094 /* Build configuration list for PBXNativeTarget "SwiftChallengeTests" */;
			buildPhases = (
				78178B9E2B24ADA900ABC094 /* Sources */,
				78178B9F2B24ADA900ABC094 /* Frameworks */,
				78178BA02B24ADA900ABC094 /* Resources */,
			);
			buildRules = (
			);
			dependencies = (
				78178BA42B24ADA900ABC094 /* PBXTargetDependency */,
			);
			name = SwiftChallengeTests;
			productName = SwiftChallengeTests;
			productReference = 78178BA22B24ADA900ABC094 /* SwiftChallengeTests.xctest */;
			productType = "com.apple.product-type.bundle.unit-test";
		};
		78178BAB2B24ADA900ABC094 /* SwiftChallengeUITests */ = {
			isa = PBXNativeTarget;
			buildConfigurationList = 78178BBC2B24ADA900ABC094 /* Build configuration list for PBXNativeTarget "SwiftChallengeUITests" */;
			buildPhases = (
				78178BA82B24ADA900ABC094 /* Sources */,
				78178BA92B24ADA900ABC094 /* Frameworks */,
				78178BAA2B24ADA900ABC094 /* Resources */,
			);
			buildRules = (
			);
			dependencies = (
				78178BAE2B24ADA900ABC094 /* PBXTargetDependency */,
			);
			name = SwiftChallengeUITests;
			productName = SwiftChallengeUITests;
			productReference = 78178BAC2B24ADA900ABC094 /* SwiftChallengeUITests.xctest */;
			productType = "com.apple.product-type.bundle.ui-testing";
		};
/* End PBXNativeTarget section */

/* Begin PBXProject section */
		78178B8A2B24ADA800ABC094 /* Project object */ = {
			isa = PBXProject;
			attributes = {
				BuildIndependentTargetsInParallel = 1;
				LastSwiftUpdateCheck = 1500;
				LastUpgradeCheck = 1500;
				TargetAttributes = {
					78178B912B24ADA800ABC094 = {
						CreatedOnToolsVersion = 15.0.1;
					};
					78178BA12B24ADA900ABC094 = {
						CreatedOnToolsVersion = 15.0.1;
						TestTargetID = 78178B912B24ADA800ABC094;
					};
					78178BAB2B24ADA900ABC094 = {
						CreatedOnToolsVersion = 15.0.1;
						TestTargetID = 78178B912B24ADA800ABC094;
					};
				};
			};
			buildConfigurationList = 78178B8D2B24ADA800ABC094 /* Build configuration list for PBXProject "SwiftChallenge" */;
			compatibilityVersion = "Xcode 14.0";
			developmentRegion = en;
			hasScannedForEncodings = 0;
			knownRegions = (
				en,
				Base,
			);
			mainGroup = 78178B892B24ADA800ABC094;
			packageReferences = (
				789F83512B24B18000D4E26F /* XCRemoteSwiftPackageReference "SwiftFormat" */,
			);
			productRefGroup = 78178B932B24ADA800ABC094 /* Products */;
			projectDirPath = "";
			projectRoot = "";
			targets = (
				78178B912B24ADA800ABC094 /* SwiftChallenge */,
				78178BA12B24ADA900ABC094 /* SwiftChallengeTests */,
				78178BAB2B24ADA900ABC094 /* SwiftChallengeUITests */,
			);
		};
/* End PBXProject section */

/* Begin PBXResourcesBuildPhase section */
		78178B902B24ADA800ABC094 /* Resources */ = {
			isa = PBXResourcesBuildPhase;
			buildActionMask = 2147483647;
			files = (
				78178B9D2B24ADA900ABC094 /* Preview Assets.xcassets in Resources */,
				78178B9A2B24ADA900ABC094 /* Assets.xcassets in Resources */,
			);
			runOnlyForDeploymentPostprocessing = 0;
		};
		78178BA02B24ADA900ABC094 /* Resources */ = {
			isa = PBXResourcesBuildPhase;
			buildActionMask = 2147483647;
			files = (
			);
			runOnlyForDeploymentPostprocessing = 0;
		};
		78178BAA2B24ADA900ABC094 /* Resources */ = {
			isa = PBXResourcesBuildPhase;
			buildActionMask = 2147483647;
			files = (
			);
			runOnlyForDeploymentPostprocessing = 0;
		};
/* End PBXResourcesBuildPhase section */

/* Begin PBXSourcesBuildPhase section */
		78178B8E2B24ADA800ABC094 /* Sources */ = {
			isa = PBXSourcesBuildPhase;
			buildActionMask = 2147483647;
			files = (
				78178B982B24ADA800ABC094 /* ContentView.swift in Sources */,
				78178B962B24ADA800ABC094 /* SwiftChallengeApp.swift in Sources */,
			);
			runOnlyForDeploymentPostprocessing = 0;
		};
		78178B9E2B24ADA900ABC094 /* Sources */ = {
			isa = PBXSourcesBuildPhase;
			buildActionMask = 2147483647;
			files = (
				78178BA72B24ADA900ABC094 /* SwiftChallengeTests.swift in Sources */,
			);
			runOnlyForDeploymentPostprocessing = 0;
		};
		78178BA82B24ADA900ABC094 /* Sources */ = {
			isa = PBXSourcesBuildPhase;
			buildActionMask = 2147483647;
			files = (
				78178BB32B24ADA900ABC094 /* SwiftChallengeUITestsLaunchTests.swift in Sources */,
				78178BB12B24ADA900ABC094 /* SwiftChallengeUITests.swift in Sources */,
			);
			runOnlyForDeploymentPostprocessing = 0;
		};
/* End PBXSourcesBuildPhase section */

/* Begin PBXTargetDependency section */
		78178BA42B24ADA900ABC094 /* PBXTargetDependency */ = {
			isa = PBXTargetDependency;
			target = 78178B912B24ADA800ABC094 /* SwiftChallenge */;
			targetProxy = 78178BA32B24ADA900ABC094 /* PBXContainerItemProxy */;
		};
		78178BAE2B24ADA900ABC094 /* PBXTargetDependency */ = {
			isa = PBXTargetDependency;
			target = 78178B912B24ADA800ABC094 /* SwiftChallenge */;
			targetProxy = 78178BAD2B24ADA900ABC094 /* PBXContainerItemProxy */;
		};
/* End PBXTargetDependency section */

/* Begin XCBuildConfiguration section */
		78178BB42B24ADA900ABC094 /* Debug */ = {
			isa = XCBuildConfiguration;
			buildSettings = {
				ALWAYS_SEARCH_USER_PATHS = NO;
				ASSETCATALOG_COMPILER_GENERATE_SWIFT_ASSET_SYMBOL_EXTENSIONS = YES;
				CLANG_ANALYZER_NONNULL = YES;
				CLANG_ANALYZER_NUMBER_OBJECT_CONVERSION = YES_AGGRESSIVE;
				CLANG_CXX_LANGUAGE_STANDARD = "gnu++20";
				CLANG_ENABLE_MODULES = YES;
				CLANG_ENABLE_OBJC_ARC = YES;
				CLANG_ENABLE_OBJC_WEAK = YES;
				CLANG_WARN_BLOCK_CAPTURE_AUTORELEASING = YES;
				CLANG_WARN_BOOL_CONVERSION = YES;
				CLANG_WARN_COMMA = YES;
				CLANG_WARN_CONSTANT_CONVERSION = YES;
				CLANG_WARN_DEPRECATED_OBJC_IMPLEMENTATIONS = YES;
				CLANG_WARN_DIRECT_OBJC_ISA_USAGE = YES_ERROR;
				CLANG_WARN_DOCUMENTATION_COMMENTS = YES;
				CLANG_WARN_EMPTY_BODY = YES;
				CLANG_WARN_ENUM_CONVERSION = YES;
				CLANG_WARN_INFINITE_RECURSION = YES;
				CLANG_WARN_INT_CONVERSION = YES;
				CLANG_WARN_NON_LITERAL_NULL_CONVERSION = YES;
				CLANG_WARN_OBJC_IMPLICIT_RETAIN_SELF = YES;
				CLANG_WARN_OBJC_LITERAL_CONVERSION = YES;
				CLANG_WARN_OBJC_ROOT_CLASS = YES_ERROR;
				CLANG_WARN_QUOTED_INCLUDE_IN_FRAMEWORK_HEADER = YES;
				CLANG_WARN_RANGE_LOOP_ANALYSIS = YES;
				CLANG_WARN_STRICT_PROTOTYPES = YES;
				CLANG_WARN_SUSPICIOUS_MOVE = YES;
				CLANG_WARN_UNGUARDED_AVAILABILITY = YES_AGGRESSIVE;
				CLANG_WARN_UNREACHABLE_CODE = YES;
				CLANG_WARN__DUPLICATE_METHOD_MATCH = YES;
				COPY_PHASE_STRIP = NO;
				DEBUG_INFORMATION_FORMAT = dwarf;
				ENABLE_STRICT_OBJC_MSGSEND = YES;
				ENABLE_TESTABILITY = YES;
				ENABLE_USER_SCRIPT_SANDBOXING = YES;
				GCC_C_LANGUAGE_STANDARD = gnu17;
				GCC_DYNAMIC_NO_PIC = NO;
				GCC_NO_COMMON_BLOCKS = YES;
				GCC_OPTIMIZATION_LEVEL = 0;
				GCC_PREPROCESSOR_DEFINITIONS = (
					"DEBUG=1",
					"$(inherited)",
				);
				GCC_WARN_64_TO_32_BIT_CONVERSION = YES;
				GCC_WARN_ABOUT_RETURN_TYPE = YES_ERROR;
				GCC_WARN_UNDECLARED_SELECTOR = YES;
				GCC_WARN_UNINITIALIZED_AUTOS = YES_AGGRESSIVE;
				GCC_WARN_UNUSED_FUNCTION = YES;
				GCC_WARN_UNUSED_VARIABLE = YES;
				IPHONEOS_DEPLOYMENT_TARGET = 17.0;
				LOCALIZATION_PREFERS_STRING_CATALOGS = YES;
				MTL_ENABLE_DEBUG_INFO = INCLUDE_SOURCE;
				MTL_FAST_MATH = YES;
				ONLY_ACTIVE_ARCH = YES;
				SDKROOT = iphoneos;
				SWIFT_ACTIVE_COMPILATION_CONDITIONS = "DEBUG $(inherited)";
				SWIFT_OPTIMIZATION_LEVEL = "-Onone";
			};
			name = Debug;
		};
		78178BB52B24ADA900ABC094 /* Release */ = {
			isa = XCBuildConfiguration;
			buildSettings = {
				ALWAYS_SEARCH_USER_PATHS = NO;
				ASSETCATALOG_COMPILER_GENERATE_SWIFT_ASSET_SYMBOL_EXTENSIONS = YES;
				CLANG_ANALYZER_NONNULL = YES;
				CLANG_ANALYZER_NUMBER_OBJECT_CONVERSION = YES_AGGRESSIVE;
				CLANG_CXX_LANGUAGE_STANDARD = "gnu++20";
				CLANG_ENABLE_MODULES = YES;
				CLANG_ENABLE_OBJC_ARC = YES;
				CLANG_ENABLE_OBJC_WEAK = YES;
				CLANG_WARN_BLOCK_CAPTURE_AUTORELEASING = YES;
				CLANG_WARN_BOOL_CONVERSION = YES;
				CLANG_WARN_COMMA = YES;
				CLANG_WARN_CONSTANT_CONVERSION = YES;
				CLANG_WARN_DEPRECATED_OBJC_IMPLEMENTATIONS = YES;
				CLANG_WARN_DIRECT_OBJC_ISA_USAGE = YES_ERROR;
				CLANG_WARN_DOCUMENTATION_COMMENTS = YES;
				CLANG_WARN_EMPTY_BODY = YES;
				CLANG_WARN_ENUM_CONVERSION = YES;
				CLANG_WARN_INFINITE_RECURSION = YES;
				CLANG_WARN_INT_CONVERSION = YES;
				CLANG_WARN_NON_LITERAL_NULL_CONVERSION = YES;
				CLANG_WARN_OBJC_IMPLICIT_RETAIN_SELF = YES;
				CLANG_WARN_OBJC_LITERAL_CONVERSION = YES;
				CLANG_WARN_OBJC_ROOT_CLASS = YES_ERROR;
				CLANG_WARN_QUOTED_INCLUDE_IN_FRAMEWORK_HEADER = YES;
				CLANG_WARN_RANGE_LOOP_ANALYSIS = YES;
				CLANG_WARN_STRICT_PROTOTYPES = YES;
				CLANG_WARN_SUSPICIOUS_MOVE = YES;
				CLANG_WARN_UNGUARDED_AVAILABILITY = YES_AGGRESSIVE;
				CLANG_WARN_UNREACHABLE_CODE = YES;
				CLANG_WARN__DUPLICATE_METHOD_MATCH = YES;
				COPY_PHASE_STRIP = NO;
				DEBUG_INFORMATION_FORMAT = "dwarf-with-dsym";
				ENABLE_NS_ASSERTIONS = NO;
				ENABLE_STRICT_OBJC_MSGSEND = YES;
				ENABLE_USER_SCRIPT_SANDBOXING = YES;
				GCC_C_LANGUAGE_STANDARD = gnu17;
				GCC_NO_COMMON_BLOCKS = YES;
				GCC_WARN_64_TO_32_BIT_CONVERSION = YES;
				GCC_WARN_ABOUT_RETURN_TYPE = YES_ERROR;
				GCC_WARN_UNDECLARED_SELECTOR = YES;
				GCC_WARN_UNINITIALIZED_AUTOS = YES_AGGRESSIVE;
				GCC_WARN_UNUSED_FUNCTION = YES;
				GCC_WARN_UNUSED_VARIABLE = YES;
				IPHONEOS_DEPLOYMENT_TARGET = 17.0;
				LOCALIZATION_PREFERS_STRING_CATALOGS = YES;
				MTL_ENABLE_DEBUG_INFO = NO;
				MTL_FAST_MATH = YES;
				SDKROOT = iphoneos;
				SWIFT_COMPILATION_MODE = wholemodule;
				VALIDATE_PRODUCT = YES;
			};
			name = Release;
		};
		78178BB72B24ADA900ABC094 /* Debug */ = {
			isa = XCBuildConfiguration;
			buildSettings = {
				ASSETCATALOG_COMPILER_APPICON_NAME = AppIcon;
				ASSETCATALOG_COMPILER_GLOBAL_ACCENT_COLOR_NAME = AccentColor;
				CODE_SIGN_STYLE = Automatic;
				CURRENT_PROJECT_VERSION = 1;
				DEVELOPMENT_ASSET_PATHS = "\"SwiftChallenge/Preview Content\"";
				DEVELOPMENT_TEAM = 6WHPY5MQSB;
				ENABLE_PREVIEWS = YES;
				GENERATE_INFOPLIST_FILE = YES;
				INFOPLIST_KEY_UIApplicationSceneManifest_Generation = YES;
				INFOPLIST_KEY_UIApplicationSupportsIndirectInputEvents = YES;
				INFOPLIST_KEY_UILaunchScreen_Generation = YES;
				INFOPLIST_KEY_UISupportedInterfaceOrientations_iPad = "UIInterfaceOrientationPortrait UIInterfaceOrientationPortraitUpsideDown UIInterfaceOrientationLandscapeLeft UIInterfaceOrientationLandscapeRight";
				INFOPLIST_KEY_UISupportedInterfaceOrientations_iPhone = "UIInterfaceOrientationPortrait UIInterfaceOrientationLandscapeLeft UIInterfaceOrientationLandscapeRight";
				LD_RUNPATH_SEARCH_PATHS = (
					"$(inherited)",
					"@executable_path/Frameworks",
				);
				MARKETING_VERSION = 1.0;
				PRODUCT_BUNDLE_IDENTIFIER = "yossibank-yahoo.co.jp.SwiftChallenge";
				PRODUCT_NAME = "$(TARGET_NAME)";
				SWIFT_EMIT_LOC_STRINGS = YES;
				SWIFT_VERSION = 5.0;
				TARGETED_DEVICE_FAMILY = "1,2";
			};
			name = Debug;
		};
		78178BB82B24ADA900ABC094 /* Release */ = {
			isa = XCBuildConfiguration;
			buildSettings = {
				ASSETCATALOG_COMPILER_APPICON_NAME = AppIcon;
				ASSETCATALOG_COMPILER_GLOBAL_ACCENT_COLOR_NAME = AccentColor;
				CODE_SIGN_STYLE = Automatic;
				CURRENT_PROJECT_VERSION = 1;
				DEVELOPMENT_ASSET_PATHS = "\"SwiftChallenge/Preview Content\"";
				DEVELOPMENT_TEAM = 6WHPY5MQSB;
				ENABLE_PREVIEWS = YES;
				GENERATE_INFOPLIST_FILE = YES;
				INFOPLIST_KEY_UIApplicationSceneManifest_Generation = YES;
				INFOPLIST_KEY_UIApplicationSupportsIndirectInputEvents = YES;
				INFOPLIST_KEY_UILaunchScreen_Generation = YES;
				INFOPLIST_KEY_UISupportedInterfaceOrientations_iPad = "UIInterfaceOrientationPortrait UIInterfaceOrientationPortraitUpsideDown UIInterfaceOrientationLandscapeLeft UIInterfaceOrientationLandscapeRight";
				INFOPLIST_KEY_UISupportedInterfaceOrientations_iPhone = "UIInterfaceOrientationPortrait UIInterfaceOrientationLandscapeLeft UIInterfaceOrientationLandscapeRight";
				LD_RUNPATH_SEARCH_PATHS = (
					"$(inherited)",
					"@executable_path/Frameworks",
				);
				MARKETING_VERSION = 1.0;
				PRODUCT_BUNDLE_IDENTIFIER = "yossibank-yahoo.co.jp.SwiftChallenge";
				PRODUCT_NAME = "$(TARGET_NAME)";
				SWIFT_EMIT_LOC_STRINGS = YES;
				SWIFT_VERSION = 5.0;
				TARGETED_DEVICE_FAMILY = "1,2";
			};
			name = Release;
		};
		78178BBA2B24ADA900ABC094 /* Debug */ = {
			isa = XCBuildConfiguration;
			buildSettings = {
				ALWAYS_EMBED_SWIFT_STANDARD_LIBRARIES = YES;
				BUNDLE_LOADER = "$(TEST_HOST)";
				CODE_SIGN_STYLE = Automatic;
				CURRENT_PROJECT_VERSION = 1;
				DEVELOPMENT_TEAM = 6WHPY5MQSB;
				GENERATE_INFOPLIST_FILE = YES;
				IPHONEOS_DEPLOYMENT_TARGET = 17.0;
				MARKETING_VERSION = 1.0;
				PRODUCT_BUNDLE_IDENTIFIER = "yossibank-yahoo.co.jp.SwiftChallengeTests";
				PRODUCT_NAME = "$(TARGET_NAME)";
				SWIFT_EMIT_LOC_STRINGS = NO;
				SWIFT_VERSION = 5.0;
				TARGETED_DEVICE_FAMILY = "1,2";
				TEST_HOST = "$(BUILT_PRODUCTS_DIR)/SwiftChallenge.app/$(BUNDLE_EXECUTABLE_FOLDER_PATH)/SwiftChallenge";
			};
			name = Debug;
		};
		78178BBB2B24ADA900ABC094 /* Release */ = {
			isa = XCBuildConfiguration;
			buildSettings = {
				ALWAYS_EMBED_SWIFT_STANDARD_LIBRARIES = YES;
				BUNDLE_LOADER = "$(TEST_HOST)";
				CODE_SIGN_STYLE = Automatic;
				CURRENT_PROJECT_VERSION = 1;
				DEVELOPMENT_TEAM = 6WHPY5MQSB;
				GENERATE_INFOPLIST_FILE = YES;
				IPHONEOS_DEPLOYMENT_TARGET = 17.0;
				MARKETING_VERSION = 1.0;
				PRODUCT_BUNDLE_IDENTIFIER = "yossibank-yahoo.co.jp.SwiftChallengeTests";
				PRODUCT_NAME = "$(TARGET_NAME)";
				SWIFT_EMIT_LOC_STRINGS = NO;
				SWIFT_VERSION = 5.0;
				TARGETED_DEVICE_FAMILY = "1,2";
				TEST_HOST = "$(BUILT_PRODUCTS_DIR)/SwiftChallenge.app/$(BUNDLE_EXECUTABLE_FOLDER_PATH)/SwiftChallenge";
			};
			name = Release;
		};
		78178BBD2B24ADA900ABC094 /* Debug */ = {
			isa = XCBuildConfiguration;
			buildSettings = {
				ALWAYS_EMBED_SWIFT_STANDARD_LIBRARIES = YES;
				CODE_SIGN_STYLE = Automatic;
				CURRENT_PROJECT_VERSION = 1;
				DEVELOPMENT_TEAM = 6WHPY5MQSB;
				GENERATE_INFOPLIST_FILE = YES;
				MARKETING_VERSION = 1.0;
				PRODUCT_BUNDLE_IDENTIFIER = "yossibank-yahoo.co.jp.SwiftChallengeUITests";
				PRODUCT_NAME = "$(TARGET_NAME)";
				SWIFT_EMIT_LOC_STRINGS = NO;
				SWIFT_VERSION = 5.0;
				TARGETED_DEVICE_FAMILY = "1,2";
				TEST_TARGET_NAME = SwiftChallenge;
			};
			name = Debug;
		};
		78178BBE2B24ADA900ABC094 /* Release */ = {
			isa = XCBuildConfiguration;
			buildSettings = {
				ALWAYS_EMBED_SWIFT_STANDARD_LIBRARIES = YES;
				CODE_SIGN_STYLE = Automatic;
				CURRENT_PROJECT_VERSION = 1;
				DEVELOPMENT_TEAM = 6WHPY5MQSB;
				GENERATE_INFOPLIST_FILE = YES;
				MARKETING_VERSION = 1.0;
				PRODUCT_BUNDLE_IDENTIFIER = "yossibank-yahoo.co.jp.SwiftChallengeUITests";
				PRODUCT_NAME = "$(TARGET_NAME)";
				SWIFT_EMIT_LOC_STRINGS = NO;
				SWIFT_VERSION = 5.0;
				TARGETED_DEVICE_FAMILY = "1,2";
				TEST_TARGET_NAME = SwiftChallenge;
			};
			name = Release;
		};
/* End XCBuildConfiguration section */

/* Begin XCConfigurationList section */
		78178B8D2B24ADA800ABC094 /* Build configuration list for PBXProject "SwiftChallenge" */ = {
			isa = XCConfigurationList;
			buildConfigurations = (
				78178BB42B24ADA900ABC094 /* Debug */,
				78178BB52B24ADA900ABC094 /* Release */,
			);
			defaultConfigurationIsVisible = 0;
			defaultConfigurationName = Release;
		};
		78178BB62B24ADA900ABC094 /* Build configuration list for PBXNativeTarget "SwiftChallenge" */ = {
			isa = XCConfigurationList;
			buildConfigurations = (
				78178BB72B24ADA900ABC094 /* Debug */,
				78178BB82B24ADA900ABC094 /* Release */,
			);
			defaultConfigurationIsVisible = 0;
			defaultConfigurationName = Release;
		};
		78178BB92B24ADA900ABC094 /* Build configuration list for PBXNativeTarget "SwiftChallengeTests" */ = {
			isa = XCConfigurationList;
			buildConfigurations = (
				78178BBA2B24ADA900ABC094 /* Debug */,
				78178BBB2B24ADA900ABC094 /* Release */,
			);
			defaultConfigurationIsVisible = 0;
			defaultConfigurationName = Release;
		};
		78178BBC2B24ADA900ABC094 /* Build configuration list for PBXNativeTarget "SwiftChallengeUITests" */ = {
			isa = XCConfigurationList;
			buildConfigurations = (
				78178BBD2B24ADA900ABC094 /* Debug */,
				78178BBE2B24ADA900ABC094 /* Release */,
			);
			defaultConfigurationIsVisible = 0;
			defaultConfigurationName = Release;
		};
/* End XCConfigurationList section */

/* Begin XCRemoteSwiftPackageReference section */
		789F83512B24B18000D4E26F /* XCRemoteSwiftPackageReference "SwiftFormat" */ = {
			isa = XCRemoteSwiftPackageReference;
			repositoryURL = "https://github.com/nicklockwood/SwiftFormat";
			requirement = {
				kind = upToNextMajorVersion;
				minimumVersion = 0.52.11;
			};
		};
/* End XCRemoteSwiftPackageReference section */
	};
	rootObject = 78178B8A2B24ADA800ABC094 /* Project object */;
}
